
Microsoft Visual Studio Solution File, Format Version 12.00
# Visual Studio Version 17
VisualStudioVersion = 17.14.36127.28 d17.14
MinimumVisualStudioVersion = 10.0.40219.1
Project("{888888A0-9F3D-457C-B088-3A5042F75D52}") = "TestTask2", "TestTask2\TestTask2.pyproj", "{A0B795CD-62CB-406B-8659-8190C3F93537}"
EndProject
Global
	GlobalSection(SolutionConfigurationPlatforms) = preSolution
		Debug|Any CPU = Debug|Any CPU
		Release|Any CPU = Release|Any CPU
	EndGlobalSection
	GlobalSection(ProjectConfigurationPlatforms) = postSolution
		{A0B795CD-62CB-406B-8659-8190C3F93537}.Debug|Any CPU.ActiveCfg = Debug|Any CPU
		{A0B795CD-62CB-406B-8659-8190C3F93537}.Release|Any CPU.ActiveCfg = Release|Any CPU
	EndGlobalSection
	GlobalSection(SolutionProperties) = preSolution
		HideSolutionNode = FALSE
	EndGlobalSection
	GlobalSection(ExtensibilityGlobals) = postSolution
		SolutionGuid = {E27E1135-D3BF-4833-9EEF-42C2BA414A4D}
	EndGlobalSection
EndGlobal
